// !$*UTF8*$!
{
	archiveVersion = 1;
	classes = {
	};
	objectVersion = 46;
	objects = {

/* Begin PBXBuildFile section */
		50FA62B3184896F0007105C0 /* AppIcon57x57.png in Resources */ = {isa = PBXBuildFile; fileRef = 50FA62AF184896F0007105C0 /* AppIcon57x57.png */; };
		50FA62B4184896F0007105C0 /* AppIcon57x57@2x.png in Resources */ = {isa = PBXBuildFile; fileRef = 50FA62B0184896F0007105C0 /* AppIcon57x57@2x.png */; };
		50FA62B6184896F0007105C0 /* AppIcon60x60@2x.png in Resources */ = {isa = PBXBuildFile; fileRef = 50FA62B2184896F0007105C0 /* AppIcon60x60@2x.png */; };
		CD0694E716E8D3F700983DF2 /* UIKit.framework in Frameworks */ = {isa = PBXBuildFile; fileRef = CD0694E616E8D3F700983DF2 /* UIKit.framework */; };
		CD0694E916E8D3F700983DF2 /* Foundation.framework in Frameworks */ = {isa = PBXBuildFile; fileRef = CD0694E816E8D3F700983DF2 /* Foundation.framework */; };
		CD0694EB16E8D3F700983DF2 /* CoreGraphics.framework in Frameworks */ = {isa = PBXBuildFile; fileRef = CD0694EA16E8D3F700983DF2 /* CoreGraphics.framework */; };
		CD0694F116E8D3F700983DF2 /* InfoPlist.strings in Resources */ = {isa = PBXBuildFile; fileRef = CD0694EF16E8D3F700983DF2 /* InfoPlist.strings */; };
		CD0694F316E8D3F700983DF2 /* main.m in Sources */ = {isa = PBXBuildFile; fileRef = CD0694F216E8D3F700983DF2 /* main.m */; };
		CD0694F716E8D3F700983DF2 /* AppDelegate.m in Sources */ = {isa = PBXBuildFile; fileRef = CD0694F616E8D3F700983DF2 /* AppDelegate.m */; };
		CD0694F916E8D3F700983DF2 /* Default.png in Resources */ = {isa = PBXBuildFile; fileRef = CD0694F816E8D3F700983DF2 /* Default.png */; };
		CD0694FB16E8D3F700983DF2 /* Default@2x.png in Resources */ = {isa = PBXBuildFile; fileRef = CD0694FA16E8D3F700983DF2 /* Default@2x.png */; };
		CD0694FD16E8D3F700983DF2 /* Default-568h@2x.png in Resources */ = {isa = PBXBuildFile; fileRef = CD0694FC16E8D3F700983DF2 /* Default-568h@2x.png */; };
		CD06950016E8D3F700983DF2 /* MainStoryboard.storyboard in Resources */ = {isa = PBXBuildFile; fileRef = CD0694FE16E8D3F700983DF2 /* MainStoryboard.storyboard */; };
		CD06950316E8D3F700983DF2 /* ViewController.m in Sources */ = {isa = PBXBuildFile; fileRef = CD06950216E8D3F700983DF2 /* ViewController.m */; };
/* End PBXBuildFile section */

/* Begin PBXFileReference section */
		50FA62AF184896F0007105C0 /* AppIcon57x57.png */ = {isa = PBXFileReference; lastKnownFileType = image.png; path = AppIcon57x57.png; sourceTree = "<group>"; };
		50FA62B0184896F0007105C0 /* AppIcon57x57@2x.png */ = {isa = PBXFileReference; lastKnownFileType = image.png; path = "AppIcon57x57@2x.png"; sourceTree = "<group>"; };
		50FA62B2184896F0007105C0 /* AppIcon60x60@2x.png */ = {isa = PBXFileReference; lastKnownFileType = image.png; path = "AppIcon60x60@2x.png"; sourceTree = "<group>"; };
		CD0694E316E8D3F700983DF2 /* IconOverlaying.app */ = {isa = PBXFileReference; explicitFileType = wrapper.application; includeInIndex = 0; path = IconOverlaying.app; sourceTree = BUILT_PRODUCTS_DIR; };
		CD0694E616E8D3F700983DF2 /* UIKit.framework */ = {isa = PBXFileReference; lastKnownFileType = wrapper.framework; name = UIKit.framework; path = System/Library/Frameworks/UIKit.framework; sourceTree = SDKROOT; };
		CD0694E816E8D3F700983DF2 /* Foundation.framework */ = {isa = PBXFileReference; lastKnownFileType = wrapper.framework; name = Foundation.framework; path = System/Library/Frameworks/Foundation.framework; sourceTree = SDKROOT; };
		CD0694EA16E8D3F700983DF2 /* CoreGraphics.framework */ = {isa = PBXFileReference; lastKnownFileType = wrapper.framework; name = CoreGraphics.framework; path = System/Library/Frameworks/CoreGraphics.framework; sourceTree = SDKROOT; };
		CD0694EE16E8D3F700983DF2 /* IconOverlaying-Info.plist */ = {isa = PBXFileReference; lastKnownFileType = text.plist.xml; path = "IconOverlaying-Info.plist"; sourceTree = "<group>"; };
		CD0694F016E8D3F700983DF2 /* en */ = {isa = PBXFileReference; lastKnownFileType = text.plist.strings; name = en; path = en.lproj/InfoPlist.strings; sourceTree = "<group>"; };
		CD0694F216E8D3F700983DF2 /* main.m */ = {isa = PBXFileReference; lastKnownFileType = sourcecode.c.objc; path = main.m; sourceTree = "<group>"; };
		CD0694F416E8D3F700983DF2 /* IconOverlaying-Prefix.pch */ = {isa = PBXFileReference; lastKnownFileType = sourcecode.c.h; path = "IconOverlaying-Prefix.pch"; sourceTree = "<group>"; };
		CD0694F516E8D3F700983DF2 /* AppDelegate.h */ = {isa = PBXFileReference; lastKnownFileType = sourcecode.c.h; path = AppDelegate.h; sourceTree = "<group>"; };
		CD0694F616E8D3F700983DF2 /* AppDelegate.m */ = {isa = PBXFileReference; lastKnownFileType = sourcecode.c.objc; path = AppDelegate.m; sourceTree = "<group>"; };
		CD0694F816E8D3F700983DF2 /* Default.png */ = {isa = PBXFileReference; lastKnownFileType = image.png; path = Default.png; sourceTree = "<group>"; };
		CD0694FA16E8D3F700983DF2 /* Default@2x.png */ = {isa = PBXFileReference; lastKnownFileType = image.png; path = "Default@2x.png"; sourceTree = "<group>"; };
		CD0694FC16E8D3F700983DF2 /* Default-568h@2x.png */ = {isa = PBXFileReference; lastKnownFileType = image.png; path = "Default-568h@2x.png"; sourceTree = "<group>"; };
		CD0694FF16E8D3F700983DF2 /* en */ = {isa = PBXFileReference; lastKnownFileType = file.storyboard; name = en; path = en.lproj/MainStoryboard.storyboard; sourceTree = "<group>"; };
		CD06950116E8D3F700983DF2 /* ViewController.h */ = {isa = PBXFileReference; lastKnownFileType = sourcecode.c.h; path = ViewController.h; sourceTree = "<group>"; };
		CD06950216E8D3F700983DF2 /* ViewController.m */ = {isa = PBXFileReference; lastKnownFileType = sourcecode.c.objc; path = ViewController.m; sourceTree = "<group>"; };
/* End PBXFileReference section */

/* Begin PBXFrameworksBuildPhase section */
		CD0694E016E8D3F700983DF2 /* Frameworks */ = {
			isa = PBXFrameworksBuildPhase;
			buildActionMask = 2147483647;
			files = (
				CD0694E716E8D3F700983DF2 /* UIKit.framework in Frameworks */,
				CD0694E916E8D3F700983DF2 /* Foundation.framework in Frameworks */,
				CD0694EB16E8D3F700983DF2 /* CoreGraphics.framework in Frameworks */,
			);
			runOnlyForDeploymentPostprocessing = 0;
		};
/* End PBXFrameworksBuildPhase section */

/* Begin PBXGroup section */
		CD0694DA16E8D3F700983DF2 = {
			isa = PBXGroup;
			children = (
				CD0694EC16E8D3F700983DF2 /* IconOverlaying */,
				CD0694E516E8D3F700983DF2 /* Frameworks */,
				CD0694E416E8D3F700983DF2 /* Products */,
			);
			sourceTree = "<group>";
		};
		CD0694E416E8D3F700983DF2 /* Products */ = {
			isa = PBXGroup;
			children = (
				CD0694E316E8D3F700983DF2 /* IconOverlaying.app */,
			);
			name = Products;
			sourceTree = "<group>";
		};
		CD0694E516E8D3F700983DF2 /* Frameworks */ = {
			isa = PBXGroup;
			children = (
				CD0694E616E8D3F700983DF2 /* UIKit.framework */,
				CD0694E816E8D3F700983DF2 /* Foundation.framework */,
				CD0694EA16E8D3F700983DF2 /* CoreGraphics.framework */,
			);
			name = Frameworks;
			sourceTree = "<group>";
		};
		CD0694EC16E8D3F700983DF2 /* IconOverlaying */ = {
			isa = PBXGroup;
			children = (
				50FA62AF184896F0007105C0 /* AppIcon57x57.png */,
				50FA62B0184896F0007105C0 /* AppIcon57x57@2x.png */,
				50FA62B2184896F0007105C0 /* AppIcon60x60@2x.png */,
				CD0694F516E8D3F700983DF2 /* AppDelegate.h */,
				CD0694F616E8D3F700983DF2 /* AppDelegate.m */,
				CD0694FE16E8D3F700983DF2 /* MainStoryboard.storyboard */,
				CD06950116E8D3F700983DF2 /* ViewController.h */,
				CD06950216E8D3F700983DF2 /* ViewController.m */,
				CD0694ED16E8D3F700983DF2 /* Supporting Files */,
			);
			path = IconOverlaying;
			sourceTree = "<group>";
		};
		CD0694ED16E8D3F700983DF2 /* Supporting Files */ = {
			isa = PBXGroup;
			children = (
				CD0694EE16E8D3F700983DF2 /* IconOverlaying-Info.plist */,
				CD0694EF16E8D3F700983DF2 /* InfoPlist.strings */,
				CD0694F216E8D3F700983DF2 /* main.m */,
				CD0694F416E8D3F700983DF2 /* IconOverlaying-Prefix.pch */,
				CD0694F816E8D3F700983DF2 /* Default.png */,
				CD0694FA16E8D3F700983DF2 /* Default@2x.png */,
				CD0694FC16E8D3F700983DF2 /* Default-568h@2x.png */,
			);
			name = "Supporting Files";
			sourceTree = "<group>";
		};
/* End PBXGroup section */

/* Begin PBXNativeTarget section */
		CD0694E216E8D3F700983DF2 /* IconOverlaying */ = {
			isa = PBXNativeTarget;
			buildConfigurationList = CD06950616E8D3F700983DF2 /* Build configuration list for PBXNativeTarget "IconOverlaying" */;
			buildPhases = (
				CD06950D16E8D47600983DF2 /* ShellScript */,
				CD0694DF16E8D3F700983DF2 /* Sources */,
				CD0694E016E8D3F700983DF2 /* Frameworks */,
				CD0694E116E8D3F700983DF2 /* Resources */,
			);
			buildRules = (
			);
			dependencies = (
			);
			name = IconOverlaying;
			productName = IconOverlaying;
			productReference = CD0694E316E8D3F700983DF2 /* IconOverlaying.app */;
			productType = "com.apple.product-type.application";
		};
/* End PBXNativeTarget section */

/* Begin PBXProject section */
		CD0694DB16E8D3F700983DF2 /* Project object */ = {
			isa = PBXProject;
			attributes = {
				LastUpgradeCheck = 0460;
				ORGANIZATIONNAME = pixle;
			};
			buildConfigurationList = CD0694DE16E8D3F700983DF2 /* Build configuration list for PBXProject "IconOverlaying" */;
			compatibilityVersion = "Xcode 3.2";
			developmentRegion = English;
			hasScannedForEncodings = 0;
			knownRegions = (
				en,
			);
			mainGroup = CD0694DA16E8D3F700983DF2;
			productRefGroup = CD0694E416E8D3F700983DF2 /* Products */;
			projectDirPath = "";
			projectRoot = "";
			targets = (
				CD0694E216E8D3F700983DF2 /* IconOverlaying */,
			);
		};
/* End PBXProject section */

/* Begin PBXResourcesBuildPhase section */
		CD0694E116E8D3F700983DF2 /* Resources */ = {
			isa = PBXResourcesBuildPhase;
			buildActionMask = 2147483647;
			files = (
				CD0694F116E8D3F700983DF2 /* InfoPlist.strings in Resources */,
				50FA62B6184896F0007105C0 /* AppIcon60x60@2x.png in Resources */,
				50FA62B3184896F0007105C0 /* AppIcon57x57.png in Resources */,
				CD0694F916E8D3F700983DF2 /* Default.png in Resources */,
				50FA62B4184896F0007105C0 /* AppIcon57x57@2x.png in Resources */,
				CD0694FB16E8D3F700983DF2 /* Default@2x.png in Resources */,
				CD0694FD16E8D3F700983DF2 /* Default-568h@2x.png in Resources */,
				CD06950016E8D3F700983DF2 /* MainStoryboard.storyboard in Resources */,
			);
			runOnlyForDeploymentPostprocessing = 0;
		};
/* End PBXResourcesBuildPhase section */

/* Begin PBXShellScriptBuildPhase section */
		CD06950D16E8D47600983DF2 /* ShellScript */ = {
			isa = PBXShellScriptBuildPhase;
			buildActionMask = 2147483647;
			files = (
			);
			inputPaths = (
			);
			outputPaths = (
			);
			runOnlyForDeploymentPostprocessing = 0;
			shellPath = /bin/sh;
			shellScript = "commit=`git rev-parse --short HEAD`\nbranch=`git rev-parse --abbrev-ref HEAD`\nversion=`/usr/libexec/PlistBuddy -c \"Print CFBundleVersion\" \"${INFOPLIST_FILE}\"`\nbuild_num=`$git log --oneline | wc -l`\nshopt -s extglob\nbuild_num=\"${build_num##*( )}\"\nshopt -u extglob\n\nfunction processIcon() {\n    export PATH=$PATH:/usr/local/bin\n    base_file=$1\n    base_path=`find \"${SRCROOT}/IconOverlaying\" -name $base_file`\n    \n    echo \"Processing $base_path\"\n    \n    if [[ ! -f ${base_path} || -z ${base_path} ]]; then\n    return;\n    fi\n    \n    target_file=$base_file\n    target_path=\"${CONFIGURATION_BUILD_DIR}/${UNLOCALIZED_RESOURCES_FOLDER_PATH}/${target_file}\"\n    \n    if [ $CONFIGURATION = \"Release\" ]; then\n    cp \"${base_path}\" \"$target_path\"\n    return\n    fi\n    \n    width=`identify -format %w ${base_path}`\n    height=`identify -format %h ${base_path}`\n    band_height=$((($height * 45) / 100))\n    band_position=$(($height - $band_height))\n    point_size=$(((15 * $width) / 100))\n    \n    echo \"Image dimensions ($width x $height) - band height $band_height @ $band_position - point size $point_size\"\n\n# blur band and text\n#\n    convert $base_path -blur 10x8 /tmp/blurred.png\n    convert /tmp/blurred.png -gamma 0 -fill white -draw \"rectangle 0,$band_position,$width,$height\" /tmp/mask.png\n    convert -background 'rgba(0,0,0,0.2)' -size ${width}x${band_height} -pointsize 18 -gravity center -fill white label:\"${version} ($build_num) ${branch}\\n${commit}\" /tmp/labels.png\n    convert $base_path /tmp/blurred.png /tmp/mask.png /tmp/labels.png -composite /tmp/temp.png\n    \n# warning decoration\n#\n    badge_width=$(((800 * $width) / 1200))\n\n    convert -size ${badge_width}x8 xc:skyblue -fill grey15 -draw \"rectangle 0,0,$badge_width,8\" /tmp/bar1.png\n    convert -size ${badge_width}x8 xc:skyblue -fill gold2 -draw \"rectangle 0,0,$badge_width,8\" /tmp/bar2.png\n    convert /tmp/bar1.png /tmp/bar2.png /tmp/bar1.png /tmp/bar2.png /tmp/bar1.png /tmp/bar2.png /tmp/bar1.png /tmp/bar2.png /tmp/bar1.png /tmp/bar2.png -append /tmp/bars.png\n    convert /tmp/bars.png -matte -virtual-pixel Transparent -affine 0.707107,0.707107,-0.707107,0.707107,0.000000,0.000000 -transform +repage /tmp/bars2.png\n    \n    bagde_width2=`identify -format %w /tmp/bars2.png`\n    h=$(($bagde_width2 / 2))\n    w=$(($width - $h))\n    \n    convert /tmp/temp.png /tmp/labels.png -geometry +0+$band_position -composite /tmp/final.png\n    convert /tmp/final.png /tmp/bars2.png -geometry +${w}-${h} -composite $target_path\n    \n    rm /tmp/blurred.png\n    rm /tmp/mask.png\n    rm /tmp/labels.png\n    rm /tmp/temp.png\n    rm /tmp/final.png\n    rm /tmp/bar1.png\n    rm /tmp/bar2.png\n    rm /tmp/bars.png\n    rm /tmp/bars2.png\n    \n    echo \"Overlayed ${target_path}\"\n}\n\nprocessIcon \"AppIcon57x57.png\"\nprocessIcon \"AppIcon57x57@2x.png\"\nprocessIcon \"AppIcon60x60@2x.png\"\n";
		};
/* End PBXShellScriptBuildPhase section */

/* Begin PBXSourcesBuildPhase section */
		CD0694DF16E8D3F700983DF2 /* Sources */ = {
			isa = PBXSourcesBuildPhase;
			buildActionMask = 2147483647;
			files = (
				CD0694F316E8D3F700983DF2 /* main.m in Sources */,
				CD0694F716E8D3F700983DF2 /* AppDelegate.m in Sources */,
				CD06950316E8D3F700983DF2 /* ViewController.m in Sources */,
			);
			runOnlyForDeploymentPostprocessing = 0;
		};
/* End PBXSourcesBuildPhase section */

/* Begin PBXVariantGroup section */
		CD0694EF16E8D3F700983DF2 /* InfoPlist.strings */ = {
			isa = PBXVariantGroup;
			children = (
				CD0694F016E8D3F700983DF2 /* en */,
			);
			name = InfoPlist.strings;
			sourceTree = "<group>";
		};
		CD0694FE16E8D3F700983DF2 /* MainStoryboard.storyboard */ = {
			isa = PBXVariantGroup;
			children = (
				CD0694FF16E8D3F700983DF2 /* en */,
			);
			name = MainStoryboard.storyboard;
			sourceTree = "<group>";
		};
/* End PBXVariantGroup section */

/* Begin XCBuildConfiguration section */
		CD06950416E8D3F700983DF2 /* Debug */ = {
			isa = XCBuildConfiguration;
			buildSettings = {
				ALWAYS_SEARCH_USER_PATHS = NO;
				CLANG_CXX_LANGUAGE_STANDARD = "gnu++0x";
				CLANG_CXX_LIBRARY = "libc++";
				CLANG_ENABLE_OBJC_ARC = YES;
				CLANG_WARN_CONSTANT_CONVERSION = YES;
				CLANG_WARN_EMPTY_BODY = YES;
				CLANG_WARN_ENUM_CONVERSION = YES;
				CLANG_WARN_INT_CONVERSION = YES;
				CLANG_WARN__DUPLICATE_METHOD_MATCH = YES;
				"CODE_SIGN_IDENTITY[sdk=iphoneos*]" = "iPhone Developer";
				COPY_PHASE_STRIP = NO;
				GCC_C_LANGUAGE_STANDARD = gnu99;
				GCC_DYNAMIC_NO_PIC = NO;
				GCC_OPTIMIZATION_LEVEL = 0;
				GCC_PREPROCESSOR_DEFINITIONS = (
					"DEBUG=1",
					"$(inherited)",
				);
				GCC_SYMBOLS_PRIVATE_EXTERN = NO;
				GCC_WARN_ABOUT_RETURN_TYPE = YES;
				GCC_WARN_UNINITIALIZED_AUTOS = YES;
				GCC_WARN_UNUSED_VARIABLE = YES;
				IPHONEOS_DEPLOYMENT_TARGET = 6.1;
				ONLY_ACTIVE_ARCH = YES;
				SDKROOT = iphoneos;
			};
			name = Debug;
		};
		CD06950516E8D3F700983DF2 /* Release */ = {
			isa = XCBuildConfiguration;
			buildSettings = {
				ALWAYS_SEARCH_USER_PATHS = NO;
				CLANG_CXX_LANGUAGE_STANDARD = "gnu++0x";
				CLANG_CXX_LIBRARY = "libc++";
				CLANG_ENABLE_OBJC_ARC = YES;
				CLANG_WARN_CONSTANT_CONVERSION = YES;
				CLANG_WARN_EMPTY_BODY = YES;
				CLANG_WARN_ENUM_CONVERSION = YES;
				CLANG_WARN_INT_CONVERSION = YES;
				CLANG_WARN__DUPLICATE_METHOD_MATCH = YES;
				"CODE_SIGN_IDENTITY[sdk=iphoneos*]" = "iPhone Developer";
				COPY_PHASE_STRIP = YES;
				GCC_C_LANGUAGE_STANDARD = gnu99;
				GCC_WARN_ABOUT_RETURN_TYPE = YES;
				GCC_WARN_UNINITIALIZED_AUTOS = YES;
				GCC_WARN_UNUSED_VARIABLE = YES;
				IPHONEOS_DEPLOYMENT_TARGET = 6.1;
				OTHER_CFLAGS = "-DNS_BLOCK_ASSERTIONS=1";
				SDKROOT = iphoneos;
				VALIDATE_PRODUCT = YES;
			};
			name = Release;
		};
		CD06950716E8D3F700983DF2 /* Debug */ = {
			isa = XCBuildConfiguration;
			buildSettings = {
				GCC_PRECOMPILE_PREFIX_HEADER = YES;
				GCC_PREFIX_HEADER = "IconOverlaying/IconOverlaying-Prefix.pch";
				INFOPLIST_FILE = "IconOverlaying/IconOverlaying-Info.plist";
				PRODUCT_NAME = "$(TARGET_NAME)";
				WRAPPER_EXTENSION = app;
			};
			name = Debug;
		};
		CD06950816E8D3F700983DF2 /* Release */ = {
			isa = XCBuildConfiguration;
			buildSettings = {
				GCC_PRECOMPILE_PREFIX_HEADER = YES;
				GCC_PREFIX_HEADER = "IconOverlaying/IconOverlaying-Prefix.pch";
				INFOPLIST_FILE = "IconOverlaying/IconOverlaying-Info.plist";
				PRODUCT_NAME = "$(TARGET_NAME)";
				WRAPPER_EXTENSION = app;
			};
			name = Release;
		};
/* End XCBuildConfiguration section */

/* Begin XCConfigurationList section */
		CD0694DE16E8D3F700983DF2 /* Build configuration list for PBXProject "IconOverlaying" */ = {
			isa = XCConfigurationList;
			buildConfigurations = (
				CD06950416E8D3F700983DF2 /* Debug */,
				CD06950516E8D3F700983DF2 /* Release */,
			);
			defaultConfigurationIsVisible = 0;
			defaultConfigurationName = Release;
		};
		CD06950616E8D3F700983DF2 /* Build configuration list for PBXNativeTarget "IconOverlaying" */ = {
			isa = XCConfigurationList;
			buildConfigurations = (
				CD06950716E8D3F700983DF2 /* Debug */,
				CD06950816E8D3F700983DF2 /* Release */,
			);
			defaultConfigurationIsVisible = 0;
			defaultConfigurationName = Release;
		};
/* End XCConfigurationList section */
	};
	rootObject = CD0694DB16E8D3F700983DF2 /* Project object */;
}
